
Microsoft Visual Studio Solution File, Format Version 12.00
# Visual Studio Version 16
VisualStudioVersion = 16.0.28902.138
MinimumVisualStudioVersion = 10.0.40219.1
Project("{FAE04EC0-301F-11D3-BF4B-00C04F79EFBC}") = "aspnetmvc-starter", "aspnetmvc-starter\aspnetmvc-starter.csproj", "{BE80D25C-44D5-4AE6-81DF-0A84C9FBA6E7}"
EndProject
Global
	GlobalSection(SolutionConfigurationPlatforms) = preSolution
		Debug|Any CPU = Debug|Any CPU
		Release|Any CPU = Release|Any CPU
	EndGlobalSection
	GlobalSection(ProjectConfigurationPlatforms) = postSolution
		{BE80D25C-44D5-4AE6-81DF-0A84C9FBA6E7}.Debug|Any CPU.ActiveCfg = Debug|Any CPU
		{BE80D25C-44D5-4AE6-81DF-0A84C9FBA6E7}.Debug|Any CPU.Build.0 = Debug|Any CPU
		{BE80D25C-44D5-4AE6-81DF-0A84C9FBA6E7}.Release|Any CPU.ActiveCfg = Release|Any CPU
		{BE80D25C-44D5-4AE6-81DF-0A84C9FBA6E7}.Release|Any CPU.Build.0 = Release|Any CPU
	EndGlobalSection
	GlobalSection(SolutionProperties) = preSolution
		HideSolutionNode = FALSE
	EndGlobalSection
	GlobalSection(ExtensibilityGlobals) = postSolution
		SolutionGuid = {32B41113-7F0D-4A08-BE79-1F91A9150600}
	EndGlobalSection
EndGlobal
